{
  "name": "discogsbot",
  "version": "1.0.0",
  "lockfileVersion": 1,
  "requires": true,
  "dependencies": {
    "disconnect": {
      "version": "1.2.1",
      "resolved": "https://registry.npmjs.org/disconnect/-/disconnect-1.2.1.tgz",
      "integrity": "sha1-/nVTj2TTjoIaRrAb/e5enCPEus4=",
      "requires": {
        "oauth-1.0a": "2.2.4"
      }
    },
    "oauth-1.0a": {
      "version": "2.2.4",
      "resolved": "https://registry.npmjs.org/oauth-1.0a/-/oauth-1.0a-2.2.4.tgz",
      "integrity": "sha512-qHqZLUIcd+mrOKYMFosi9lC0KW602BeLdJ660M3MNhT7WruzFSgJbFZE5sdN+nV55Xk/ls9k1FusaCiDItli1g=="
    },
    "openurl": {
      "version": "1.1.1",
      "resolved": "https://registry.npmjs.org/openurl/-/openurl-1.1.1.tgz",
      "integrity": "sha1-OHW0sO96UsFW8NtB1GCduw+Us4c="
    },
    "telegram-node-bot": {
      "version": "4.0.5",
      "resolved": "https://registry.npmjs.org/telegram-node-bot/-/telegram-node-bot-4.0.5.tgz",
      "integrity": "sha1-H1Zay+iZJbASdlZgZpbYdhvqGQc=",
      "requires": {
        "tiny_request": "1.0.13"
      }
    },
    "tiny_request": {
      "version": "1.0.13",
      "resolved": "https://registry.npmjs.org/tiny_request/-/tiny_request-1.0.13.tgz",
      "integrity": "sha1-gbmXd5R1GdNLDnOsnrb1AnpVL5I="
    }
  }
}
